
Microsoft Visual Studio Solution File, Format Version 12.00
# Visual Studio Version 17
VisualStudioVersion = 17.7.34221.43
MinimumVisualStudioVersion = 10.0.40219.1
Project("{FAE04EC0-301F-11D3-BF4B-00C04F79EFBC}") = "CAR-Rental", "CAR-Rental\CAR-Rental.csproj", "{81067099-97F8-40F3-A881-DF71A327462A}"
EndProject
Global
	GlobalSection(SolutionConfigurationPlatforms) = preSolution
		Debug|Any CPU = Debug|Any CPU
		Release|Any CPU = Release|Any CPU
	EndGlobalSection
	GlobalSection(ProjectConfigurationPlatforms) = postSolution
		{81067099-97F8-40F3-A881-DF71A327462A}.Debug|Any CPU.ActiveCfg = Debug|Any CPU
		{81067099-97F8-40F3-A881-DF71A327462A}.Debug|Any CPU.Build.0 = Debug|Any CPU
		{81067099-97F8-40F3-A881-DF71A327462A}.Release|Any CPU.ActiveCfg = Release|Any CPU
		{81067099-97F8-40F3-A881-DF71A327462A}.Release|Any CPU.Build.0 = Release|Any CPU
	EndGlobalSection
	GlobalSection(SolutionProperties) = preSolution
		HideSolutionNode = FALSE
	EndGlobalSection
	GlobalSection(ExtensibilityGlobals) = postSolution
		SolutionGuid = {053F24E5-732D-498E-B34D-1AF62537577E}
	EndGlobalSection
EndGlobal
